// !$*UTF8*$!
{
	archiveVersion = 1;
	classes = {
	};
	objectVersion = 52;
	objects = {

/* Begin PBXBuildFile section */
		A815B08823C2EE05003899B8 /* MyLibraryController.swift in Sources */ = {isa = PBXBuildFile; fileRef = A815B08723C2EE05003899B8 /* MyLibraryController.swift */; };
		A815B08B23C2FC4C003899B8 /* FileState.swift in Sources */ = {isa = PBXBuildFile; fileRef = A815B08A23C2FC4C003899B8 /* FileState.swift */; };
		A829AC0A23CA57AD0034AD69 /* TrackService.swift in Sources */ = {isa = PBXBuildFile; fileRef = A829AC0923CA57AD0034AD69 /* TrackService.swift */; };
		A829AC0C23CAAC8E0034AD69 /* HttpRequester.swift in Sources */ = {isa = PBXBuildFile; fileRef = A829AC0B23CAAC8E0034AD69 /* HttpRequester.swift */; };
		A829AC2423CC2C1D0034AD69 /* TrackViewCell.swift in Sources */ = {isa = PBXBuildFile; fileRef = A829AC2323CC2C1D0034AD69 /* TrackViewCell.swift */; };
		A829AC2823D158E60034AD69 /* AudioPlayer.swift in Sources */ = {isa = PBXBuildFile; fileRef = A829AC2723D158E60034AD69 /* AudioPlayer.swift */; };
		A829AC2A23D3B0DE0034AD69 /* Colors.swift in Sources */ = {isa = PBXBuildFile; fileRef = A829AC2923D3B0DE0034AD69 /* Colors.swift */; };
		A89100EE23BD339D00D6EA2D /* AppDelegate.swift in Sources */ = {isa = PBXBuildFile; fileRef = A89100ED23BD339D00D6EA2D /* AppDelegate.swift */; };
		A89100F023BD339D00D6EA2D /* ViewController.swift in Sources */ = {isa = PBXBuildFile; fileRef = A89100EF23BD339D00D6EA2D /* ViewController.swift */; };
		A89100F323BD339D00D6EA2D /* Main.storyboard in Resources */ = {isa = PBXBuildFile; fileRef = A89100F123BD339D00D6EA2D /* Main.storyboard */; };
		A89100F523BD339E00D6EA2D /* Assets.xcassets in Resources */ = {isa = PBXBuildFile; fileRef = A89100F423BD339E00D6EA2D /* Assets.xcassets */; };
		A89100F823BD339E00D6EA2D /* LaunchScreen.storyboard in Resources */ = {isa = PBXBuildFile; fileRef = A89100F623BD339E00D6EA2D /* LaunchScreen.storyboard */; };
		E83B012124CE82F600C2C5E4 /* Database.swift in Sources */ = {isa = PBXBuildFile; fileRef = E83B012024CE82F600C2C5E4 /* Database.swift */; };
		E840A57E256C88C2009F3C9E /* CrashReportService.swift in Sources */ = {isa = PBXBuildFile; fileRef = E840A57D256C88C2009F3C9E /* CrashReportService.swift */; };
		E840A582256CD15E009F3C9E /* ZIPFoundation in Frameworks */ = {isa = PBXBuildFile; productRef = E840A581256CD15E009F3C9E /* ZIPFoundation */; };
		E840A588256DA19F009F3C9E /* GGLog.swift in Sources */ = {isa = PBXBuildFile; fileRef = E840A587256DA19F009F3C9E /* GGLog.swift */; };
		E840A58C256DE2D2009F3C9E /* CocoaLumberjackSwift in Frameworks */ = {isa = PBXBuildFile; productRef = E840A58B256DE2D2009F3C9E /* CocoaLumberjackSwift */; };
		E840A58E256DE2D2009F3C9E /* CocoaLumberjack in Frameworks */ = {isa = PBXBuildFile; productRef = E840A58D256DE2D2009F3C9E /* CocoaLumberjack */; };
		E840A5912575EA26009F3C9E /* OfflineStorageService.swift in Sources */ = {isa = PBXBuildFile; fileRef = E840A5902575EA26009F3C9E /* OfflineStorageService.swift */; };
		E85692BA24F4D46500A741D2 /* ViewUtil.swift in Sources */ = {isa = PBXBuildFile; fileRef = E85692B924F4D46500A741D2 /* ViewUtil.swift */; };
		E85692BC24F4D9AA00A741D2 /* TrackContextMenu.swift in Sources */ = {isa = PBXBuildFile; fileRef = E85692BB24F4D9AA00A741D2 /* TrackContextMenu.swift */; };
		E85692BE24F4DD4E00A741D2 /* TrackViewController.swift in Sources */ = {isa = PBXBuildFile; fileRef = E85692BD24F4DD4E00A741D2 /* TrackViewController.swift */; };
		E8588F61258C867700ACA919 /* TrackSynchronizer.swift in Sources */ = {isa = PBXBuildFile; fileRef = E8588F60258C867700ACA919 /* TrackSynchronizer.swift */; };
		E8588F65258C899D00ACA919 /* SyncStatus.swift in Sources */ = {isa = PBXBuildFile; fileRef = E8588F64258C899D00ACA919 /* SyncStatus.swift */; };
		E8588F68258D16CB00ACA919 /* PlaylistSynchronizer.swift in Sources */ = {isa = PBXBuildFile; fileRef = E8588F67258D16CB00ACA919 /* PlaylistSynchronizer.swift */; };
		E8588F6B258D182E00ACA919 /* PlaylistTrackSynchronizer.swift in Sources */ = {isa = PBXBuildFile; fileRef = E8588F6A258D182E00ACA919 /* PlaylistTrackSynchronizer.swift */; };
		E8588F6E258D1ADB00ACA919 /* UserSynchronizer.swift in Sources */ = {isa = PBXBuildFile; fileRef = E8588F6D258D1ADB00ACA919 /* UserSynchronizer.swift */; };
		E8588F71258EB31B00ACA919 /* ReviewSource.swift in Sources */ = {isa = PBXBuildFile; fileRef = E8588F70258EB31B00ACA919 /* ReviewSource.swift */; };
		E8588F74258EB54600ACA919 /* ReviewSourceSynchronizer.swift in Sources */ = {isa = PBXBuildFile; fileRef = E8588F73258EB54600ACA919 /* ReviewSourceSynchronizer.swift */; };
		E8588F7D259032E600ACA919 /* StandardSynchronizer.swift in Sources */ = {isa = PBXBuildFile; fileRef = E8588F7C259032E600ACA919 /* StandardSynchronizer.swift */; };
		E8588F84259159C600ACA919 /* IconView.swift in Sources */ = {isa = PBXBuildFile; fileRef = E8588F83259159C600ACA919 /* IconView.swift */; };
		E8588F882595841D00ACA919 /* Toast.swift in Sources */ = {isa = PBXBuildFile; fileRef = E8588F872595841D00ACA919 /* Toast.swift */; };
		E85966432423201100AA8727 /* ArtistViewController.swift in Sources */ = {isa = PBXBuildFile; fileRef = E85966422423201100AA8727 /* ArtistViewController.swift */; };
		E85966452423207B00AA8727 /* ArtistViewCell.swift in Sources */ = {isa = PBXBuildFile; fileRef = E85966442423207B00AA8727 /* ArtistViewCell.swift */; };
		E8596647243FEFEC00AA8727 /* TableSearchAugmenter.swift in Sources */ = {isa = PBXBuildFile; fileRef = E8596646243FEFEC00AA8727 /* TableSearchAugmenter.swift */; };
		E85966492440021200AA8727 /* UIExtensions.swift in Sources */ = {isa = PBXBuildFile; fileRef = E85966482440021200AA8727 /* UIExtensions.swift */; };
		E8597AF123F0C6150095450E /* AlbumViewController.swift in Sources */ = {isa = PBXBuildFile; fileRef = E8597AF023F0C6150095450E /* AlbumViewController.swift */; };
		E8597AF323F0CC7A0095450E /* AlbumViewCell.swift in Sources */ = {isa = PBXBuildFile; fileRef = E8597AF223F0CC7A0095450E /* AlbumViewCell.swift */; };
		E8598FB6250B17D900D70E9F /* WebSocket.swift in Sources */ = {isa = PBXBuildFile; fileRef = E8598FB5250B17D900D70E9F /* WebSocket.swift */; };
		E85A365E25AA318A005C4FDD /* AddReviewSourceController.swift in Sources */ = {isa = PBXBuildFile; fileRef = E85A365D25AA318A005C4FDD /* AddReviewSourceController.swift */; };
		E85A366125AA31B7005C4FDD /* AutocompleteInputField.swift in Sources */ = {isa = PBXBuildFile; fileRef = E85A366025AA31B7005C4FDD /* AutocompleteInputField.swift */; };
		E85A366425AA3395005C4FDD /* Extensions.swift in Sources */ = {isa = PBXBuildFile; fileRef = E85A366325AA3395005C4FDD /* Extensions.swift */; };
		E85A366825AD385C005C4FDD /* AddTrackListController.swift in Sources */ = {isa = PBXBuildFile; fileRef = E85A366725AD385C005C4FDD /* AddTrackListController.swift */; };
		E85A4DCF23D4D2AE006BD7EE /* MediaControlsController.swift in Sources */ = {isa = PBXBuildFile; fileRef = E85A4DCE23D4D2AE006BD7EE /* MediaControlsController.swift */; };
		E85A4DD323D537D0006BD7EE /* NowPlayingTracks.swift in Sources */ = {isa = PBXBuildFile; fileRef = E85A4DD223D537D0006BD7EE /* NowPlayingTracks.swift */; };
		E85A4DD523D56D13006BD7EE /* UserState.swift in Sources */ = {isa = PBXBuildFile; fileRef = E85A4DD423D56D13006BD7EE /* UserState.swift */; };
		E85A4DD723DAB859006BD7EE /* Formatters.swift in Sources */ = {isa = PBXBuildFile; fileRef = E85A4DD623DAB859006BD7EE /* Formatters.swift */; };
		E85A4DDB23DE4F99006BD7EE /* SyncController.swift in Sources */ = {isa = PBXBuildFile; fileRef = E85A4DDA23DE4F99006BD7EE /* SyncController.swift */; };
		E85A50EA23E2736D00029D7C /* RootNavigationController.swift in Sources */ = {isa = PBXBuildFile; fileRef = E85A50E923E2736D00029D7C /* RootNavigationController.swift */; };
		E85A50EC23E5293600029D7C /* PlaylistsControllers.swift in Sources */ = {isa = PBXBuildFile; fileRef = E85A50EB23E5293600029D7C /* PlaylistsControllers.swift */; };
		E85B598125A1BF390071496D /* NotificationService.swift in Sources */ = {isa = PBXBuildFile; fileRef = E85B598025A1BF390071496D /* NotificationService.swift */; };
		E85B598625A413C40071496D /* PickReviewSourceController.swift in Sources */ = {isa = PBXBuildFile; fileRef = E85B598525A413C40071496D /* PickReviewSourceController.swift */; };
		E85B598925A4186E0071496D /* EditReviewSourcesController.swift in Sources */ = {isa = PBXBuildFile; fileRef = E85B598825A4186E0071496D /* EditReviewSourcesController.swift */; };
		E864D8302564B5B8008C2C4C /* LocationService.swift in Sources */ = {isa = PBXBuildFile; fileRef = E864D82F2564B5B8008C2C4C /* LocationService.swift */; };
		E86AFEF923E7CB2D005B84EB /* ServerSynchronizer.swift in Sources */ = {isa = PBXBuildFile; fileRef = E86AFEF823E7CB2D005B84EB /* ServerSynchronizer.swift */; };
		E86AFF1D23E9572A005B84EB /* UsersController.swift in Sources */ = {isa = PBXBuildFile; fileRef = E86AFF1C23E9572A005B84EB /* UsersController.swift */; };
		E86AFF1F23E963A8005B84EB /* TableViewCell.swift in Sources */ = {isa = PBXBuildFile; fileRef = E86AFF1E23E963A8005B84EB /* TableViewCell.swift */; };
		E86EB67824EC9AA40066CB4E /* BaseDao.swift in Sources */ = {isa = PBXBuildFile; fileRef = E86EB67724EC9AA40066CB4E /* BaseDao.swift */; };
		E86EB67A24EC9B7D0066CB4E /* Track.swift in Sources */ = {isa = PBXBuildFile; fileRef = E86EB67924EC9B7D0066CB4E /* Track.swift */; };
		E86EB67C24ECA3F80066CB4E /* Playlist.swift in Sources */ = {isa = PBXBuildFile; fileRef = E86EB67B24ECA3F80066CB4E /* Playlist.swift */; };
		E86EB67E24ECA4F30066CB4E /* PlaylistTrack.swift in Sources */ = {isa = PBXBuildFile; fileRef = E86EB67D24ECA4F30066CB4E /* PlaylistTrack.swift */; };
		E86F97FF25B627380015C6CE /* BackgroundTaskService.swift in Sources */ = {isa = PBXBuildFile; fileRef = E86F97FE25B627380015C6CE /* BackgroundTaskService.swift */; };
		E86F980225B921A20015C6CE /* ObservationToken.swift in Sources */ = {isa = PBXBuildFile; fileRef = E86F980125B921A20015C6CE /* ObservationToken.swift */; };
		E871186525675C1C007B8F16 /* Settings.bundle in Resources */ = {isa = PBXBuildFile; fileRef = E871186425675C1C007B8F16 /* Settings.bundle */; };
		E8711868256777BD007B8F16 /* SettingsService.swift in Sources */ = {isa = PBXBuildFile; fileRef = E8711867256777BD007B8F16 /* SettingsService.swift */; };
		E873DDEB258078B100207F99 /* InAppSettingsKit in Frameworks */ = {isa = PBXBuildFile; productRef = E873DDEA258078B100207F99 /* InAppSettingsKit */; };
		E873DDF32586F45500207F99 /* NowPlayingController.swift in Sources */ = {isa = PBXBuildFile; fileRef = E873DDF22586F45500207F99 /* NowPlayingController.swift */; };
		E873DDF6258711CB00207F99 /* ReviewQueueController.swift in Sources */ = {isa = PBXBuildFile; fileRef = E873DDF5258711CB00207F99 /* ReviewQueueController.swift */; };
		E873DDF925871E6D00207F99 /* ErrorReportController.swift in Sources */ = {isa = PBXBuildFile; fileRef = E873DDF825871E6D00207F99 /* ErrorReportController.swift */; };
		E873DDFD25883CEF00207F99 /* Toast in Frameworks */ = {isa = PBXBuildFile; productRef = E873DDFC25883CEF00207F99 /* Toast */; };
		E873DE0025887A6A00207F99 /* LogViewController.swift in Sources */ = {isa = PBXBuildFile; fileRef = E873DDFF25887A6A00207F99 /* LogViewController.swift */; };
		E873DE03258AF97600207F99 /* LogoutController.swift in Sources */ = {isa = PBXBuildFile; fileRef = E873DE02258AF97600207F99 /* LogoutController.swift */; };
		E88053C125AE818F00A7D0F3 /* DownloadFromYTController.swift in Sources */ = {isa = PBXBuildFile; fileRef = E88053C025AE818F00A7D0F3 /* DownloadFromYTController.swift */; };
		E88053C425B1142D00A7D0F3 /* AddFromSpotifyController.swift in Sources */ = {isa = PBXBuildFile; fileRef = E88053C325B1142D00A7D0F3 /* AddFromSpotifyController.swift */; };
		E889822624EF4DE200E38CE9 /* CachingPlayerItem.swift in Sources */ = {isa = PBXBuildFile; fileRef = E889822524EF4DE200E38CE9 /* CachingPlayerItem.swift */; };
		E8C2ABE224E102A10050A01E /* User.swift in Sources */ = {isa = PBXBuildFile; fileRef = E8C2ABE124E102A10050A01E /* User.swift */; };
		E8FBB74E257DC0DF007DB097 /* Connectivity in Frameworks */ = {isa = PBXBuildFile; productRef = E8FBB74D257DC0DF007DB097 /* Connectivity */; };
/* End PBXBuildFile section */

/* Begin PBXFileReference section */
		A815B08723C2EE05003899B8 /* MyLibraryController.swift */ = {isa = PBXFileReference; lastKnownFileType = sourcecode.swift; path = MyLibraryController.swift; sourceTree = "<group>"; };
		A815B08A23C2FC4C003899B8 /* FileState.swift */ = {isa = PBXFileReference; lastKnownFileType = sourcecode.swift; path = FileState.swift; sourceTree = "<group>"; };
		A829AC0923CA57AD0034AD69 /* TrackService.swift */ = {isa = PBXFileReference; lastKnownFileType = sourcecode.swift; path = TrackService.swift; sourceTree = "<group>"; };
		A829AC0B23CAAC8E0034AD69 /* HttpRequester.swift */ = {isa = PBXFileReference; lastKnownFileType = sourcecode.swift; path = HttpRequester.swift; sourceTree = "<group>"; };
		A829AC2323CC2C1D0034AD69 /* TrackViewCell.swift */ = {isa = PBXFileReference; lastKnownFileType = sourcecode.swift; path = TrackViewCell.swift; sourceTree = "<group>"; };
		A829AC2723D158E60034AD69 /* AudioPlayer.swift */ = {isa = PBXFileReference; lastKnownFileType = sourcecode.swift; path = AudioPlayer.swift; sourceTree = "<group>"; };
		A829AC2923D3B0DE0034AD69 /* Colors.swift */ = {isa = PBXFileReference; lastKnownFileType = sourcecode.swift; path = Colors.swift; sourceTree = "<group>"; };
		A89100EA23BD339D00D6EA2D /* Gorilla Groove.app */ = {isa = PBXFileReference; explicitFileType = wrapper.application; includeInIndex = 0; path = "Gorilla Groove.app"; sourceTree = BUILT_PRODUCTS_DIR; };
		A89100ED23BD339D00D6EA2D /* AppDelegate.swift */ = {isa = PBXFileReference; lastKnownFileType = sourcecode.swift; path = AppDelegate.swift; sourceTree = "<group>"; };
		A89100EF23BD339D00D6EA2D /* ViewController.swift */ = {isa = PBXFileReference; lastKnownFileType = sourcecode.swift; path = ViewController.swift; sourceTree = "<group>"; };
		A89100F223BD339D00D6EA2D /* Base */ = {isa = PBXFileReference; lastKnownFileType = file.storyboard; name = Base; path = Base.lproj/Main.storyboard; sourceTree = "<group>"; };
		A89100F423BD339E00D6EA2D /* Assets.xcassets */ = {isa = PBXFileReference; lastKnownFileType = folder.assetcatalog; path = Assets.xcassets; sourceTree = "<group>"; };
		A89100F723BD339E00D6EA2D /* Base */ = {isa = PBXFileReference; lastKnownFileType = file.storyboard; name = Base; path = Base.lproj/LaunchScreen.storyboard; sourceTree = "<group>"; };
		A89100F923BD339E00D6EA2D /* Info.plist */ = {isa = PBXFileReference; lastKnownFileType = text.plist.xml; path = Info.plist; sourceTree = "<group>"; };
		E83B012024CE82F600C2C5E4 /* Database.swift */ = {isa = PBXFileReference; lastKnownFileType = sourcecode.swift; path = Database.swift; sourceTree = "<group>"; };
		E840A57D256C88C2009F3C9E /* CrashReportService.swift */ = {isa = PBXFileReference; lastKnownFileType = sourcecode.swift; path = CrashReportService.swift; sourceTree = "<group>"; };
		E840A587256DA19F009F3C9E /* GGLog.swift */ = {isa = PBXFileReference; lastKnownFileType = sourcecode.swift; path = GGLog.swift; sourceTree = "<group>"; };
		E840A5902575EA26009F3C9E /* OfflineStorageService.swift */ = {isa = PBXFileReference; lastKnownFileType = sourcecode.swift; path = OfflineStorageService.swift; sourceTree = "<group>"; };
		E85692B924F4D46500A741D2 /* ViewUtil.swift */ = {isa = PBXFileReference; lastKnownFileType = sourcecode.swift; path = ViewUtil.swift; sourceTree = "<group>"; };
		E85692BB24F4D9AA00A741D2 /* TrackContextMenu.swift */ = {isa = PBXFileReference; lastKnownFileType = sourcecode.swift; path = TrackContextMenu.swift; sourceTree = "<group>"; };
		E85692BD24F4DD4E00A741D2 /* TrackViewController.swift */ = {isa = PBXFileReference; lastKnownFileType = sourcecode.swift; path = TrackViewController.swift; sourceTree = "<group>"; };
		E8588F60258C867700ACA919 /* TrackSynchronizer.swift */ = {isa = PBXFileReference; lastKnownFileType = sourcecode.swift; path = TrackSynchronizer.swift; sourceTree = "<group>"; };
		E8588F64258C899D00ACA919 /* SyncStatus.swift */ = {isa = PBXFileReference; lastKnownFileType = sourcecode.swift; path = SyncStatus.swift; sourceTree = "<group>"; };
		E8588F67258D16CB00ACA919 /* PlaylistSynchronizer.swift */ = {isa = PBXFileReference; lastKnownFileType = sourcecode.swift; path = PlaylistSynchronizer.swift; sourceTree = "<group>"; };
		E8588F6A258D182E00ACA919 /* PlaylistTrackSynchronizer.swift */ = {isa = PBXFileReference; lastKnownFileType = sourcecode.swift; path = PlaylistTrackSynchronizer.swift; sourceTree = "<group>"; };
		E8588F6D258D1ADB00ACA919 /* UserSynchronizer.swift */ = {isa = PBXFileReference; lastKnownFileType = sourcecode.swift; path = UserSynchronizer.swift; sourceTree = "<group>"; };
		E8588F70258EB31B00ACA919 /* ReviewSource.swift */ = {isa = PBXFileReference; lastKnownFileType = sourcecode.swift; path = ReviewSource.swift; sourceTree = "<group>"; };
		E8588F73258EB54600ACA919 /* ReviewSourceSynchronizer.swift */ = {isa = PBXFileReference; lastKnownFileType = sourcecode.swift; path = ReviewSourceSynchronizer.swift; sourceTree = "<group>"; };
		E8588F7C259032E600ACA919 /* StandardSynchronizer.swift */ = {isa = PBXFileReference; lastKnownFileType = sourcecode.swift; path = StandardSynchronizer.swift; sourceTree = "<group>"; };
		E8588F83259159C600ACA919 /* IconView.swift */ = {isa = PBXFileReference; lastKnownFileType = sourcecode.swift; path = IconView.swift; sourceTree = "<group>"; };
		E8588F872595841D00ACA919 /* Toast.swift */ = {isa = PBXFileReference; lastKnownFileType = sourcecode.swift; path = Toast.swift; sourceTree = "<group>"; };
		E85966422423201100AA8727 /* ArtistViewController.swift */ = {isa = PBXFileReference; lastKnownFileType = sourcecode.swift; path = ArtistViewController.swift; sourceTree = "<group>"; };
		E85966442423207B00AA8727 /* ArtistViewCell.swift */ = {isa = PBXFileReference; lastKnownFileType = sourcecode.swift; path = ArtistViewCell.swift; sourceTree = "<group>"; };
		E8596646243FEFEC00AA8727 /* TableSearchAugmenter.swift */ = {isa = PBXFileReference; lastKnownFileType = sourcecode.swift; path = TableSearchAugmenter.swift; sourceTree = "<group>"; };
		E85966482440021200AA8727 /* UIExtensions.swift */ = {isa = PBXFileReference; lastKnownFileType = sourcecode.swift; path = UIExtensions.swift; sourceTree = "<group>"; };
		E8597AF023F0C6150095450E /* AlbumViewController.swift */ = {isa = PBXFileReference; lastKnownFileType = sourcecode.swift; path = AlbumViewController.swift; sourceTree = "<group>"; };
		E8597AF223F0CC7A0095450E /* AlbumViewCell.swift */ = {isa = PBXFileReference; lastKnownFileType = sourcecode.swift; path = AlbumViewCell.swift; sourceTree = "<group>"; };
		E8598FB5250B17D900D70E9F /* WebSocket.swift */ = {isa = PBXFileReference; lastKnownFileType = sourcecode.swift; path = WebSocket.swift; sourceTree = "<group>"; };
		E85A365D25AA318A005C4FDD /* AddReviewSourceController.swift */ = {isa = PBXFileReference; lastKnownFileType = sourcecode.swift; path = AddReviewSourceController.swift; sourceTree = "<group>"; };
		E85A366025AA31B7005C4FDD /* AutocompleteInputField.swift */ = {isa = PBXFileReference; lastKnownFileType = sourcecode.swift; path = AutocompleteInputField.swift; sourceTree = "<group>"; };
		E85A366325AA3395005C4FDD /* Extensions.swift */ = {isa = PBXFileReference; lastKnownFileType = sourcecode.swift; path = Extensions.swift; sourceTree = "<group>"; };
		E85A366725AD385C005C4FDD /* AddTrackListController.swift */ = {isa = PBXFileReference; lastKnownFileType = sourcecode.swift; path = AddTrackListController.swift; sourceTree = "<group>"; };
		E85A4DCE23D4D2AE006BD7EE /* MediaControlsController.swift */ = {isa = PBXFileReference; lastKnownFileType = sourcecode.swift; path = MediaControlsController.swift; sourceTree = "<group>"; };
		E85A4DD223D537D0006BD7EE /* NowPlayingTracks.swift */ = {isa = PBXFileReference; lastKnownFileType = sourcecode.swift; path = NowPlayingTracks.swift; sourceTree = "<group>"; };
		E85A4DD423D56D13006BD7EE /* UserState.swift */ = {isa = PBXFileReference; lastKnownFileType = sourcecode.swift; path = UserState.swift; sourceTree = "<group>"; };
		E85A4DD623DAB859006BD7EE /* Formatters.swift */ = {isa = PBXFileReference; lastKnownFileType = sourcecode.swift; path = Formatters.swift; sourceTree = "<group>"; };
		E85A4DDA23DE4F99006BD7EE /* SyncController.swift */ = {isa = PBXFileReference; lastKnownFileType = sourcecode.swift; path = SyncController.swift; sourceTree = "<group>"; };
		E85A50E923E2736D00029D7C /* RootNavigationController.swift */ = {isa = PBXFileReference; lastKnownFileType = sourcecode.swift; path = RootNavigationController.swift; sourceTree = "<group>"; };
		E85A50EB23E5293600029D7C /* PlaylistsControllers.swift */ = {isa = PBXFileReference; lastKnownFileType = sourcecode.swift; path = PlaylistsControllers.swift; sourceTree = "<group>"; };
		E85B598025A1BF390071496D /* NotificationService.swift */ = {isa = PBXFileReference; lastKnownFileType = sourcecode.swift; path = NotificationService.swift; sourceTree = "<group>"; };
		E85B598525A413C40071496D /* PickReviewSourceController.swift */ = {isa = PBXFileReference; lastKnownFileType = sourcecode.swift; path = PickReviewSourceController.swift; sourceTree = "<group>"; };
		E85B598825A4186E0071496D /* EditReviewSourcesController.swift */ = {isa = PBXFileReference; lastKnownFileType = sourcecode.swift; path = EditReviewSourcesController.swift; sourceTree = "<group>"; };
		E864D82F2564B5B8008C2C4C /* LocationService.swift */ = {isa = PBXFileReference; lastKnownFileType = sourcecode.swift; path = LocationService.swift; sourceTree = "<group>"; };
		E86AFEF823E7CB2D005B84EB /* ServerSynchronizer.swift */ = {isa = PBXFileReference; lastKnownFileType = sourcecode.swift; path = ServerSynchronizer.swift; sourceTree = "<group>"; };
		E86AFF1C23E9572A005B84EB /* UsersController.swift */ = {isa = PBXFileReference; lastKnownFileType = sourcecode.swift; path = UsersController.swift; sourceTree = "<group>"; };
		E86AFF1E23E963A8005B84EB /* TableViewCell.swift */ = {isa = PBXFileReference; lastKnownFileType = sourcecode.swift; path = TableViewCell.swift; sourceTree = "<group>"; };
		E86EB67724EC9AA40066CB4E /* BaseDao.swift */ = {isa = PBXFileReference; lastKnownFileType = sourcecode.swift; path = BaseDao.swift; sourceTree = "<group>"; };
		E86EB67924EC9B7D0066CB4E /* Track.swift */ = {isa = PBXFileReference; lastKnownFileType = sourcecode.swift; path = Track.swift; sourceTree = "<group>"; };
		E86EB67B24ECA3F80066CB4E /* Playlist.swift */ = {isa = PBXFileReference; lastKnownFileType = sourcecode.swift; path = Playlist.swift; sourceTree = "<group>"; };
		E86EB67D24ECA4F30066CB4E /* PlaylistTrack.swift */ = {isa = PBXFileReference; lastKnownFileType = sourcecode.swift; path = PlaylistTrack.swift; sourceTree = "<group>"; };
		E86F97FE25B627380015C6CE /* BackgroundTaskService.swift */ = {isa = PBXFileReference; lastKnownFileType = sourcecode.swift; path = BackgroundTaskService.swift; sourceTree = "<group>"; };
		E86F980125B921A20015C6CE /* ObservationToken.swift */ = {isa = PBXFileReference; lastKnownFileType = sourcecode.swift; path = ObservationToken.swift; sourceTree = "<group>"; };
		E871186425675C1C007B8F16 /* Settings.bundle */ = {isa = PBXFileReference; lastKnownFileType = "wrapper.plug-in"; path = Settings.bundle; sourceTree = "<group>"; };
		E8711867256777BD007B8F16 /* SettingsService.swift */ = {isa = PBXFileReference; lastKnownFileType = sourcecode.swift; path = SettingsService.swift; sourceTree = "<group>"; };
		E873DDF22586F45500207F99 /* NowPlayingController.swift */ = {isa = PBXFileReference; lastKnownFileType = sourcecode.swift; path = NowPlayingController.swift; sourceTree = "<group>"; };
		E873DDF5258711CB00207F99 /* ReviewQueueController.swift */ = {isa = PBXFileReference; lastKnownFileType = sourcecode.swift; path = ReviewQueueController.swift; sourceTree = "<group>"; };
		E873DDF825871E6D00207F99 /* ErrorReportController.swift */ = {isa = PBXFileReference; lastKnownFileType = sourcecode.swift; path = ErrorReportController.swift; sourceTree = "<group>"; };
		E873DDFF25887A6A00207F99 /* LogViewController.swift */ = {isa = PBXFileReference; lastKnownFileType = sourcecode.swift; path = LogViewController.swift; sourceTree = "<group>"; };
		E873DE02258AF97600207F99 /* LogoutController.swift */ = {isa = PBXFileReference; lastKnownFileType = sourcecode.swift; path = LogoutController.swift; sourceTree = "<group>"; };
		E88053C025AE818F00A7D0F3 /* DownloadFromYTController.swift */ = {isa = PBXFileReference; lastKnownFileType = sourcecode.swift; path = DownloadFromYTController.swift; sourceTree = "<group>"; };
		E88053C325B1142D00A7D0F3 /* AddFromSpotifyController.swift */ = {isa = PBXFileReference; lastKnownFileType = sourcecode.swift; path = AddFromSpotifyController.swift; sourceTree = "<group>"; };
		E889822524EF4DE200E38CE9 /* CachingPlayerItem.swift */ = {isa = PBXFileReference; lastKnownFileType = sourcecode.swift; path = CachingPlayerItem.swift; sourceTree = "<group>"; };
		E8C2ABE124E102A10050A01E /* User.swift */ = {isa = PBXFileReference; lastKnownFileType = sourcecode.swift; path = User.swift; sourceTree = "<group>"; };
/* End PBXFileReference section */

/* Begin PBXFrameworksBuildPhase section */
		A89100E723BD339C00D6EA2D /* Frameworks */ = {
			isa = PBXFrameworksBuildPhase;
			buildActionMask = 2147483647;
			files = (
				E873DDFD25883CEF00207F99 /* Toast in Frameworks */,
				E840A58E256DE2D2009F3C9E /* CocoaLumberjack in Frameworks */,
				E840A58C256DE2D2009F3C9E /* CocoaLumberjackSwift in Frameworks */,
				E873DDEB258078B100207F99 /* InAppSettingsKit in Frameworks */,
				E840A582256CD15E009F3C9E /* ZIPFoundation in Frameworks */,
				E8FBB74E257DC0DF007DB097 /* Connectivity in Frameworks */,
			);
			runOnlyForDeploymentPostprocessing = 0;
		};
/* End PBXFrameworksBuildPhase section */

/* Begin PBXGroup section */
		A829AC2023CC29B70034AD69 /* db */ = {
			isa = PBXGroup;
			children = (
				E83B012024CE82F600C2C5E4 /* Database.swift */,
				E8C2ABE124E102A10050A01E /* User.swift */,
				E86EB67724EC9AA40066CB4E /* BaseDao.swift */,
				E86EB67924EC9B7D0066CB4E /* Track.swift */,
				E86EB67B24ECA3F80066CB4E /* Playlist.swift */,
				E86EB67D24ECA4F30066CB4E /* PlaylistTrack.swift */,
				E8588F64258C899D00ACA919 /* SyncStatus.swift */,
				E8588F70258EB31B00ACA919 /* ReviewSource.swift */,
			);
			path = db;
			sourceTree = "<group>";
		};
		A829AC2123CC2ABC0034AD69 /* storyboards */ = {
			isa = PBXGroup;
			children = (
				A89100F123BD339D00D6EA2D /* Main.storyboard */,
				A89100F623BD339E00D6EA2D /* LaunchScreen.storyboard */,
			);
			path = storyboards;
			sourceTree = "<group>";
		};
		A829AC2223CC2B510034AD69 /* view-controllers */ = {
			isa = PBXGroup;
			children = (
				E85A366A25AD41D7005C4FDD /* add-track */,
				E85B598425A413950071496D /* review-queue */,
				A89100EF23BD339D00D6EA2D /* ViewController.swift */,
				A815B08723C2EE05003899B8 /* MyLibraryController.swift */,
				A829AC2323CC2C1D0034AD69 /* TrackViewCell.swift */,
				E85A4DCE23D4D2AE006BD7EE /* MediaControlsController.swift */,
				E85A4DDA23DE4F99006BD7EE /* SyncController.swift */,
				E85A50E923E2736D00029D7C /* RootNavigationController.swift */,
				E85A50EB23E5293600029D7C /* PlaylistsControllers.swift */,
				E86AFF1C23E9572A005B84EB /* UsersController.swift */,
				E86AFF1E23E963A8005B84EB /* TableViewCell.swift */,
				E8597AF023F0C6150095450E /* AlbumViewController.swift */,
				E8597AF223F0CC7A0095450E /* AlbumViewCell.swift */,
				E85966422423201100AA8727 /* ArtistViewController.swift */,
				E85966442423207B00AA8727 /* ArtistViewCell.swift */,
				E8596646243FEFEC00AA8727 /* TableSearchAugmenter.swift */,
				E85692BB24F4D9AA00A741D2 /* TrackContextMenu.swift */,
				E85692BD24F4DD4E00A741D2 /* TrackViewController.swift */,
				E873DDF22586F45500207F99 /* NowPlayingController.swift */,
				E873DDF825871E6D00207F99 /* ErrorReportController.swift */,
				E873DDFF25887A6A00207F99 /* LogViewController.swift */,
				E873DE02258AF97600207F99 /* LogoutController.swift */,
				E8588F83259159C600ACA919 /* IconView.swift */,
				E85A366025AA31B7005C4FDD /* AutocompleteInputField.swift */,
			);
			path = "view-controllers";
			sourceTree = "<group>";
		};
		A89100E123BD339C00D6EA2D = {
			isa = PBXGroup;
			children = (
				A89100EC23BD339D00D6EA2D /* Gorilla Groove */,
				A89100EB23BD339D00D6EA2D /* Products */,
			);
			sourceTree = "<group>";
		};
		A89100EB23BD339D00D6EA2D /* Products */ = {
			isa = PBXGroup;
			children = (
				A89100EA23BD339D00D6EA2D /* Gorilla Groove.app */,
			);
			name = Products;
			sourceTree = "<group>";
		};
		A89100EC23BD339D00D6EA2D /* Gorilla Groove */ = {
			isa = PBXGroup;
			children = (
				A829AC2223CC2B510034AD69 /* view-controllers */,
				E8588F5F258C853400ACA919 /* sync */,
				A829AC2123CC2ABC0034AD69 /* storyboards */,
				A829AC2023CC29B70034AD69 /* db */,
				A89100ED23BD339D00D6EA2D /* AppDelegate.swift */,
				A89100F423BD339E00D6EA2D /* Assets.xcassets */,
				A89100F923BD339E00D6EA2D /* Info.plist */,
				A815B08A23C2FC4C003899B8 /* FileState.swift */,
				A829AC0923CA57AD0034AD69 /* TrackService.swift */,
				A829AC0B23CAAC8E0034AD69 /* HttpRequester.swift */,
				A829AC2723D158E60034AD69 /* AudioPlayer.swift */,
				A829AC2923D3B0DE0034AD69 /* Colors.swift */,
				E85A4DD223D537D0006BD7EE /* NowPlayingTracks.swift */,
				E85A4DD423D56D13006BD7EE /* UserState.swift */,
				E85A4DD623DAB859006BD7EE /* Formatters.swift */,
				E889822524EF4DE200E38CE9 /* CachingPlayerItem.swift */,
				E85692B924F4D46500A741D2 /* ViewUtil.swift */,
				E8598FB5250B17D900D70E9F /* WebSocket.swift */,
				E864D82F2564B5B8008C2C4C /* LocationService.swift */,
				E8711867256777BD007B8F16 /* SettingsService.swift */,
				E871186425675C1C007B8F16 /* Settings.bundle */,
				E840A57D256C88C2009F3C9E /* CrashReportService.swift */,
				E840A587256DA19F009F3C9E /* GGLog.swift */,
				E840A5902575EA26009F3C9E /* OfflineStorageService.swift */,
				E8588F872595841D00ACA919 /* Toast.swift */,
				E85B598025A1BF390071496D /* NotificationService.swift */,
				E85966482440021200AA8727 /* UIExtensions.swift */,
				E85A366325AA3395005C4FDD /* Extensions.swift */,
				E86F97FE25B627380015C6CE /* BackgroundTaskService.swift */,
				E86F980125B921A20015C6CE /* ObservationToken.swift */,
			);
			path = "Gorilla Groove";
			sourceTree = "<group>";
		};
		E8588F5F258C853400ACA919 /* sync */ = {
			isa = PBXGroup;
			children = (
				E86AFEF823E7CB2D005B84EB /* ServerSynchronizer.swift */,
				E8588F60258C867700ACA919 /* TrackSynchronizer.swift */,
				E8588F67258D16CB00ACA919 /* PlaylistSynchronizer.swift */,
				E8588F6A258D182E00ACA919 /* PlaylistTrackSynchronizer.swift */,
				E8588F6D258D1ADB00ACA919 /* UserSynchronizer.swift */,
				E8588F73258EB54600ACA919 /* ReviewSourceSynchronizer.swift */,
				E8588F7C259032E600ACA919 /* StandardSynchronizer.swift */,
			);
			path = sync;
			sourceTree = "<group>";
		};
		E85A366A25AD41D7005C4FDD /* add-track */ = {
			isa = PBXGroup;
			children = (
				E85A366725AD385C005C4FDD /* AddTrackListController.swift */,
				E88053C025AE818F00A7D0F3 /* DownloadFromYTController.swift */,
				E88053C325B1142D00A7D0F3 /* AddFromSpotifyController.swift */,
			);
			path = "add-track";
			sourceTree = "<group>";
		};
		E85B598425A413950071496D /* review-queue */ = {
			isa = PBXGroup;
			children = (
				E873DDF5258711CB00207F99 /* ReviewQueueController.swift */,
				E85B598525A413C40071496D /* PickReviewSourceController.swift */,
				E85B598825A4186E0071496D /* EditReviewSourcesController.swift */,
				E85A365D25AA318A005C4FDD /* AddReviewSourceController.swift */,
			);
			path = "review-queue";
			sourceTree = "<group>";
		};
/* End PBXGroup section */

/* Begin PBXNativeTarget section */
		A89100E923BD339C00D6EA2D /* Gorilla Groove */ = {
			isa = PBXNativeTarget;
			buildConfigurationList = A89100FC23BD339E00D6EA2D /* Build configuration list for PBXNativeTarget "Gorilla Groove" */;
			buildPhases = (
				A89100E623BD339C00D6EA2D /* Sources */,
				A89100E723BD339C00D6EA2D /* Frameworks */,
				A89100E823BD339C00D6EA2D /* Resources */,
			);
			buildRules = (
			);
			dependencies = (
			);
			name = "Gorilla Groove";
			packageProductDependencies = (
				E840A581256CD15E009F3C9E /* ZIPFoundation */,
				E840A58B256DE2D2009F3C9E /* CocoaLumberjackSwift */,
				E840A58D256DE2D2009F3C9E /* CocoaLumberjack */,
				E8FBB74D257DC0DF007DB097 /* Connectivity */,
				E873DDEA258078B100207F99 /* InAppSettingsKit */,
				E873DDFC25883CEF00207F99 /* Toast */,
			);
			productName = "Gorilla Groove";
			productReference = A89100EA23BD339D00D6EA2D /* Gorilla Groove.app */;
			productType = "com.apple.product-type.application";
		};
/* End PBXNativeTarget section */

/* Begin PBXProject section */
		A89100E223BD339C00D6EA2D /* Project object */ = {
			isa = PBXProject;
			attributes = {
				LastSwiftUpdateCheck = 1000;
				LastUpgradeCheck = 1000;
				ORGANIZATIONNAME = "mobius-mac";
				TargetAttributes = {
					A89100E923BD339C00D6EA2D = {
						CreatedOnToolsVersion = 10.0;
					};
				};
			};
			buildConfigurationList = A89100E523BD339C00D6EA2D /* Build configuration list for PBXProject "Gorilla Groove" */;
			compatibilityVersion = "Xcode 9.3";
			developmentRegion = en;
			hasScannedForEncodings = 0;
			knownRegions = (
				en,
				Base,
			);
			mainGroup = A89100E123BD339C00D6EA2D;
			packageReferences = (
				E840A580256CD15E009F3C9E /* XCRemoteSwiftPackageReference "ZIPFoundation" */,
				E840A58A256DE2D2009F3C9E /* XCRemoteSwiftPackageReference "CocoaLumberjack" */,
				E8FBB74C257DC0DE007DB097 /* XCRemoteSwiftPackageReference "connectivity" */,
				E873DDE9258078B100207F99 /* XCRemoteSwiftPackageReference "InAppSettingsKit" */,
				E873DDFB25883CEF00207F99 /* XCRemoteSwiftPackageReference "Toast-Swift" */,
			);
			productRefGroup = A89100EB23BD339D00D6EA2D /* Products */;
			projectDirPath = "";
			projectRoot = "";
			targets = (
				A89100E923BD339C00D6EA2D /* Gorilla Groove */,
			);
		};
/* End PBXProject section */

/* Begin PBXResourcesBuildPhase section */
		A89100E823BD339C00D6EA2D /* Resources */ = {
			isa = PBXResourcesBuildPhase;
			buildActionMask = 2147483647;
			files = (
				E871186525675C1C007B8F16 /* Settings.bundle in Resources */,
				A89100F823BD339E00D6EA2D /* LaunchScreen.storyboard in Resources */,
				A89100F523BD339E00D6EA2D /* Assets.xcassets in Resources */,
				A89100F323BD339D00D6EA2D /* Main.storyboard in Resources */,
			);
			runOnlyForDeploymentPostprocessing = 0;
		};
/* End PBXResourcesBuildPhase section */

/* Begin PBXSourcesBuildPhase section */
		A89100E623BD339C00D6EA2D /* Sources */ = {
			isa = PBXSourcesBuildPhase;
			buildActionMask = 2147483647;
			files = (
				A89100F023BD339D00D6EA2D /* ViewController.swift in Sources */,
				A829AC2A23D3B0DE0034AD69 /* Colors.swift in Sources */,
				E86EB67C24ECA3F80066CB4E /* Playlist.swift in Sources */,
				E85966492440021200AA8727 /* UIExtensions.swift in Sources */,
				E83B012124CE82F600C2C5E4 /* Database.swift in Sources */,
				E8588F84259159C600ACA919 /* IconView.swift in Sources */,
				E840A57E256C88C2009F3C9E /* CrashReportService.swift in Sources */,
				E85B598125A1BF390071496D /* NotificationService.swift in Sources */,
				E86AFEF923E7CB2D005B84EB /* ServerSynchronizer.swift in Sources */,
				E864D8302564B5B8008C2C4C /* LocationService.swift in Sources */,
				E86F980225B921A20015C6CE /* ObservationToken.swift in Sources */,
				E85A4DD723DAB859006BD7EE /* Formatters.swift in Sources */,
				E86EB67824EC9AA40066CB4E /* BaseDao.swift in Sources */,
				A829AC0A23CA57AD0034AD69 /* TrackService.swift in Sources */,
				E873DDF6258711CB00207F99 /* ReviewQueueController.swift in Sources */,
				E873DDF925871E6D00207F99 /* ErrorReportController.swift in Sources */,
				E86EB67E24ECA4F30066CB4E /* PlaylistTrack.swift in Sources */,
				A815B08B23C2FC4C003899B8 /* FileState.swift in Sources */,
				E840A5912575EA26009F3C9E /* OfflineStorageService.swift in Sources */,
				E8588F6E258D1ADB00ACA919 /* UserSynchronizer.swift in Sources */,
				E85A366425AA3395005C4FDD /* Extensions.swift in Sources */,
				A89100EE23BD339D00D6EA2D /* AppDelegate.swift in Sources */,
				E8598FB6250B17D900D70E9F /* WebSocket.swift in Sources */,
				E86F97FF25B627380015C6CE /* BackgroundTaskService.swift in Sources */,
				E88053C125AE818F00A7D0F3 /* DownloadFromYTController.swift in Sources */,
				E8588F74258EB54600ACA919 /* ReviewSourceSynchronizer.swift in Sources */,
				E8597AF123F0C6150095450E /* AlbumViewController.swift in Sources */,
				E85966432423201100AA8727 /* ArtistViewController.swift in Sources */,
				A829AC0C23CAAC8E0034AD69 /* HttpRequester.swift in Sources */,
				E873DE0025887A6A00207F99 /* LogViewController.swift in Sources */,
				E86AFF1D23E9572A005B84EB /* UsersController.swift in Sources */,
				E85A4DDB23DE4F99006BD7EE /* SyncController.swift in Sources */,
				E8588F61258C867700ACA919 /* TrackSynchronizer.swift in Sources */,
				E8C2ABE224E102A10050A01E /* User.swift in Sources */,
				E85A4DD523D56D13006BD7EE /* UserState.swift in Sources */,
				E8588F71258EB31B00ACA919 /* ReviewSource.swift in Sources */,
				E8588F6B258D182E00ACA919 /* PlaylistTrackSynchronizer.swift in Sources */,
				E840A588256DA19F009F3C9E /* GGLog.swift in Sources */,
				E8711868256777BD007B8F16 /* SettingsService.swift in Sources */,
				E86AFF1F23E963A8005B84EB /* TableViewCell.swift in Sources */,
				E85692BA24F4D46500A741D2 /* ViewUtil.swift in Sources */,
				E85A4DD323D537D0006BD7EE /* NowPlayingTracks.swift in Sources */,
				A815B08823C2EE05003899B8 /* MyLibraryController.swift in Sources */,
				E889822624EF4DE200E38CE9 /* CachingPlayerItem.swift in Sources */,
				E85A366125AA31B7005C4FDD /* AutocompleteInputField.swift in Sources */,
				E85B598625A413C40071496D /* PickReviewSourceController.swift in Sources */,
				E86EB67A24EC9B7D0066CB4E /* Track.swift in Sources */,
				E85692BC24F4D9AA00A741D2 /* TrackContextMenu.swift in Sources */,
				E8588F882595841D00ACA919 /* Toast.swift in Sources */,
				E873DE03258AF97600207F99 /* LogoutController.swift in Sources */,
				E85B598925A4186E0071496D /* EditReviewSourcesController.swift in Sources */,
				A829AC2423CC2C1D0034AD69 /* TrackViewCell.swift in Sources */,
				A829AC2823D158E60034AD69 /* AudioPlayer.swift in Sources */,
				E85692BE24F4DD4E00A741D2 /* TrackViewController.swift in Sources */,
				E85A50EA23E2736D00029D7C /* RootNavigationController.swift in Sources */,
				E85966452423207B00AA8727 /* ArtistViewCell.swift in Sources */,
				E8588F68258D16CB00ACA919 /* PlaylistSynchronizer.swift in Sources */,
				E85A366825AD385C005C4FDD /* AddTrackListController.swift in Sources */,
				E873DDF32586F45500207F99 /* NowPlayingController.swift in Sources */,
				E85A50EC23E5293600029D7C /* PlaylistsControllers.swift in Sources */,
				E8588F65258C899D00ACA919 /* SyncStatus.swift in Sources */,
				E8588F7D259032E600ACA919 /* StandardSynchronizer.swift in Sources */,
				E8596647243FEFEC00AA8727 /* TableSearchAugmenter.swift in Sources */,
				E8597AF323F0CC7A0095450E /* AlbumViewCell.swift in Sources */,
				E85A365E25AA318A005C4FDD /* AddReviewSourceController.swift in Sources */,
				E85A4DCF23D4D2AE006BD7EE /* MediaControlsController.swift in Sources */,
				E88053C425B1142D00A7D0F3 /* AddFromSpotifyController.swift in Sources */,
			);
			runOnlyForDeploymentPostprocessing = 0;
		};
/* End PBXSourcesBuildPhase section */

/* Begin PBXVariantGroup section */
		A89100F123BD339D00D6EA2D /* Main.storyboard */ = {
			isa = PBXVariantGroup;
			children = (
				A89100F223BD339D00D6EA2D /* Base */,
			);
			name = Main.storyboard;
			sourceTree = "<group>";
		};
		A89100F623BD339E00D6EA2D /* LaunchScreen.storyboard */ = {
			isa = PBXVariantGroup;
			children = (
				A89100F723BD339E00D6EA2D /* Base */,
			);
			name = LaunchScreen.storyboard;
			sourceTree = "<group>";
		};
/* End PBXVariantGroup section */

/* Begin XCBuildConfiguration section */
		A89100FA23BD339E00D6EA2D /* Debug */ = {
			isa = XCBuildConfiguration;
			buildSettings = {
				ALWAYS_SEARCH_USER_PATHS = NO;
				CLANG_ANALYZER_NONNULL = YES;
				CLANG_ANALYZER_NUMBER_OBJECT_CONVERSION = YES_AGGRESSIVE;
				CLANG_CXX_LANGUAGE_STANDARD = "gnu++14";
				CLANG_CXX_LIBRARY = "libc++";
				CLANG_ENABLE_MODULES = YES;
				CLANG_ENABLE_OBJC_ARC = YES;
				CLANG_ENABLE_OBJC_WEAK = YES;
				CLANG_WARN_BLOCK_CAPTURE_AUTORELEASING = YES;
				CLANG_WARN_BOOL_CONVERSION = YES;
				CLANG_WARN_COMMA = YES;
				CLANG_WARN_CONSTANT_CONVERSION = YES;
				CLANG_WARN_DEPRECATED_OBJC_IMPLEMENTATIONS = YES;
				CLANG_WARN_DIRECT_OBJC_ISA_USAGE = YES_ERROR;
				CLANG_WARN_DOCUMENTATION_COMMENTS = YES;
				CLANG_WARN_EMPTY_BODY = YES;
				CLANG_WARN_ENUM_CONVERSION = YES;
				CLANG_WARN_INFINITE_RECURSION = YES;
				CLANG_WARN_INT_CONVERSION = YES;
				CLANG_WARN_NON_LITERAL_NULL_CONVERSION = YES;
				CLANG_WARN_OBJC_IMPLICIT_RETAIN_SELF = YES;
				CLANG_WARN_OBJC_LITERAL_CONVERSION = YES;
				CLANG_WARN_OBJC_ROOT_CLASS = YES_ERROR;
				CLANG_WARN_RANGE_LOOP_ANALYSIS = YES;
				CLANG_WARN_STRICT_PROTOTYPES = YES;
				CLANG_WARN_SUSPICIOUS_MOVE = YES;
				CLANG_WARN_UNGUARDED_AVAILABILITY = YES_AGGRESSIVE;
				CLANG_WARN_UNREACHABLE_CODE = YES;
				CLANG_WARN__DUPLICATE_METHOD_MATCH = YES;
				CODE_SIGN_IDENTITY = "iPhone Developer";
				COPY_PHASE_STRIP = NO;
				DEBUG_INFORMATION_FORMAT = dwarf;
				ENABLE_STRICT_OBJC_MSGSEND = YES;
				ENABLE_TESTABILITY = YES;
				GCC_C_LANGUAGE_STANDARD = gnu11;
				GCC_DYNAMIC_NO_PIC = NO;
				GCC_NO_COMMON_BLOCKS = YES;
				GCC_OPTIMIZATION_LEVEL = 0;
				GCC_PREPROCESSOR_DEFINITIONS = (
					"DEBUG=1",
					"$(inherited)",
				);
				GCC_WARN_64_TO_32_BIT_CONVERSION = YES;
				GCC_WARN_ABOUT_RETURN_TYPE = YES_ERROR;
				GCC_WARN_UNDECLARED_SELECTOR = YES;
				GCC_WARN_UNINITIALIZED_AUTOS = YES_AGGRESSIVE;
				GCC_WARN_UNUSED_FUNCTION = YES;
				GCC_WARN_UNUSED_VARIABLE = YES;
				IPHONEOS_DEPLOYMENT_TARGET = 14.0;
				MTL_ENABLE_DEBUG_INFO = INCLUDE_SOURCE;
				MTL_FAST_MATH = YES;
				ONLY_ACTIVE_ARCH = YES;
				SDKROOT = iphoneos;
				SWIFT_ACTIVE_COMPILATION_CONDITIONS = DEBUG;
				SWIFT_OPTIMIZATION_LEVEL = "-Onone";
			};
			name = Debug;
		};
		A89100FB23BD339E00D6EA2D /* Release */ = {
			isa = XCBuildConfiguration;
			buildSettings = {
				ALWAYS_SEARCH_USER_PATHS = NO;
				CLANG_ANALYZER_NONNULL = YES;
				CLANG_ANALYZER_NUMBER_OBJECT_CONVERSION = YES_AGGRESSIVE;
				CLANG_CXX_LANGUAGE_STANDARD = "gnu++14";
				CLANG_CXX_LIBRARY = "libc++";
				CLANG_ENABLE_MODULES = YES;
				CLANG_ENABLE_OBJC_ARC = YES;
				CLANG_ENABLE_OBJC_WEAK = YES;
				CLANG_WARN_BLOCK_CAPTURE_AUTORELEASING = YES;
				CLANG_WARN_BOOL_CONVERSION = YES;
				CLANG_WARN_COMMA = YES;
				CLANG_WARN_CONSTANT_CONVERSION = YES;
				CLANG_WARN_DEPRECATED_OBJC_IMPLEMENTATIONS = YES;
				CLANG_WARN_DIRECT_OBJC_ISA_USAGE = YES_ERROR;
				CLANG_WARN_DOCUMENTATION_COMMENTS = YES;
				CLANG_WARN_EMPTY_BODY = YES;
				CLANG_WARN_ENUM_CONVERSION = YES;
				CLANG_WARN_INFINITE_RECURSION = YES;
				CLANG_WARN_INT_CONVERSION = YES;
				CLANG_WARN_NON_LITERAL_NULL_CONVERSION = YES;
				CLANG_WARN_OBJC_IMPLICIT_RETAIN_SELF = YES;
				CLANG_WARN_OBJC_LITERAL_CONVERSION = YES;
				CLANG_WARN_OBJC_ROOT_CLASS = YES_ERROR;
				CLANG_WARN_RANGE_LOOP_ANALYSIS = YES;
				CLANG_WARN_STRICT_PROTOTYPES = YES;
				CLANG_WARN_SUSPICIOUS_MOVE = YES;
				CLANG_WARN_UNGUARDED_AVAILABILITY = YES_AGGRESSIVE;
				CLANG_WARN_UNREACHABLE_CODE = YES;
				CLANG_WARN__DUPLICATE_METHOD_MATCH = YES;
				CODE_SIGN_IDENTITY = "iPhone Developer";
				COPY_PHASE_STRIP = NO;
				DEBUG_INFORMATION_FORMAT = "dwarf-with-dsym";
				ENABLE_NS_ASSERTIONS = NO;
				ENABLE_STRICT_OBJC_MSGSEND = YES;
				GCC_C_LANGUAGE_STANDARD = gnu11;
				GCC_NO_COMMON_BLOCKS = YES;
				GCC_WARN_64_TO_32_BIT_CONVERSION = YES;
				GCC_WARN_ABOUT_RETURN_TYPE = YES_ERROR;
				GCC_WARN_UNDECLARED_SELECTOR = YES;
				GCC_WARN_UNINITIALIZED_AUTOS = YES_AGGRESSIVE;
				GCC_WARN_UNUSED_FUNCTION = YES;
				GCC_WARN_UNUSED_VARIABLE = YES;
				IPHONEOS_DEPLOYMENT_TARGET = 14.0;
				MTL_ENABLE_DEBUG_INFO = NO;
				MTL_FAST_MATH = YES;
				SDKROOT = iphoneos;
				SWIFT_COMPILATION_MODE = wholemodule;
				SWIFT_OPTIMIZATION_LEVEL = "-O";
				VALIDATE_PRODUCT = YES;
			};
			name = Release;
		};
		A89100FD23BD339E00D6EA2D /* Debug */ = {
			isa = XCBuildConfiguration;
			buildSettings = {
				ASSETCATALOG_COMPILER_APPICON_NAME = AppIcon;
				CODE_SIGN_STYLE = Automatic;
				CURRENT_PROJECT_VERSION = 1;
				DEVELOPMENT_TEAM = 284N7PSW3W;
				INFOPLIST_FILE = "Gorilla Groove/Info.plist";
				IPHONEOS_DEPLOYMENT_TARGET = 14.0;
				LD_RUNPATH_SEARCH_PATHS = (
					"$(inherited)",
					"@executable_path/Frameworks",
				);
				MARKETING_VERSION = 2.2.0;
				PRODUCT_BUNDLE_IDENTIFIER = net.gorillagroove;
				PRODUCT_NAME = "$(TARGET_NAME)";
				SWIFT_VERSION = 4.2;
				TARGETED_DEVICE_FAMILY = 1;
			};
			name = Debug;
		};
		A89100FE23BD339E00D6EA2D /* Release */ = {
			isa = XCBuildConfiguration;
			buildSettings = {
				ASSETCATALOG_COMPILER_APPICON_NAME = AppIcon;
				CODE_SIGN_STYLE = Automatic;
				CURRENT_PROJECT_VERSION = 1;
				DEVELOPMENT_TEAM = 284N7PSW3W;
				INFOPLIST_FILE = "Gorilla Groove/Info.plist";
				IPHONEOS_DEPLOYMENT_TARGET = 14.0;
				LD_RUNPATH_SEARCH_PATHS = (
					"$(inherited)",
					"@executable_path/Frameworks",
				);
				MARKETING_VERSION = 2.2.0;
				PRODUCT_BUNDLE_IDENTIFIER = net.gorillagroove;
				PRODUCT_NAME = "$(TARGET_NAME)";
				SWIFT_VERSION = 4.2;
				TARGETED_DEVICE_FAMILY = 1;
			};
			name = Release;
		};
/* End XCBuildConfiguration section */

/* Begin XCConfigurationList section */
		A89100E523BD339C00D6EA2D /* Build configuration list for PBXProject "Gorilla Groove" */ = {
			isa = XCConfigurationList;
			buildConfigurations = (
				A89100FA23BD339E00D6EA2D /* Debug */,
				A89100FB23BD339E00D6EA2D /* Release */,
			);
			defaultConfigurationIsVisible = 0;
			defaultConfigurationName = Release;
		};
		A89100FC23BD339E00D6EA2D /* Build configuration list for PBXNativeTarget "Gorilla Groove" */ = {
			isa = XCConfigurationList;
			buildConfigurations = (
				A89100FD23BD339E00D6EA2D /* Debug */,
				A89100FE23BD339E00D6EA2D /* Release */,
			);
			defaultConfigurationIsVisible = 0;
			defaultConfigurationName = Release;
		};
/* End XCConfigurationList section */

/* Begin XCRemoteSwiftPackageReference section */
		E840A580256CD15E009F3C9E /* XCRemoteSwiftPackageReference "ZIPFoundation" */ = {
			isa = XCRemoteSwiftPackageReference;
			repositoryURL = "https://github.com/weichsel/ZIPFoundation.git";
			requirement = {
				kind = upToNextMajorVersion;
				minimumVersion = 0.9.11;
			};
		};
		E840A58A256DE2D2009F3C9E /* XCRemoteSwiftPackageReference "CocoaLumberjack" */ = {
			isa = XCRemoteSwiftPackageReference;
			repositoryURL = "https://github.com/CocoaLumberjack/CocoaLumberjack.git";
			requirement = {
				kind = upToNextMajorVersion;
				minimumVersion = 3.7.0;
			};
		};
		E873DDE9258078B100207F99 /* XCRemoteSwiftPackageReference "InAppSettingsKit" */ = {
			isa = XCRemoteSwiftPackageReference;
			repositoryURL = "https://github.com/futuretap/InAppSettingsKit.git";
			requirement = {
				kind = upToNextMajorVersion;
				minimumVersion = 3.1.8;
			};
		};
		E873DDFB25883CEF00207F99 /* XCRemoteSwiftPackageReference "Toast-Swift" */ = {
			isa = XCRemoteSwiftPackageReference;
			repositoryURL = "https://github.com/scalessec/Toast-Swift.git";
			requirement = {
				kind = upToNextMajorVersion;
				minimumVersion = 5.0.1;
			};
		};
		E8FBB74C257DC0DE007DB097 /* XCRemoteSwiftPackageReference "connectivity" */ = {
			isa = XCRemoteSwiftPackageReference;
			repositoryURL = "https://github.com/rwbutler/connectivity";
			requirement = {
				kind = upToNextMajorVersion;
				minimumVersion = 5.0.1;
			};
		};
/* End XCRemoteSwiftPackageReference section */

/* Begin XCSwiftPackageProductDependency section */
		E840A581256CD15E009F3C9E /* ZIPFoundation */ = {
			isa = XCSwiftPackageProductDependency;
			package = E840A580256CD15E009F3C9E /* XCRemoteSwiftPackageReference "ZIPFoundation" */;
			productName = ZIPFoundation;
		};
		E840A58B256DE2D2009F3C9E /* CocoaLumberjackSwift */ = {
			isa = XCSwiftPackageProductDependency;
			package = E840A58A256DE2D2009F3C9E /* XCRemoteSwiftPackageReference "CocoaLumberjack" */;
			productName = CocoaLumberjackSwift;
		};
		E840A58D256DE2D2009F3C9E /* CocoaLumberjack */ = {
			isa = XCSwiftPackageProductDependency;
			package = E840A58A256DE2D2009F3C9E /* XCRemoteSwiftPackageReference "CocoaLumberjack" */;
			productName = CocoaLumberjack;
		};
		E873DDEA258078B100207F99 /* InAppSettingsKit */ = {
			isa = XCSwiftPackageProductDependency;
			package = E873DDE9258078B100207F99 /* XCRemoteSwiftPackageReference "InAppSettingsKit" */;
			productName = InAppSettingsKit;
		};
		E873DDFC25883CEF00207F99 /* Toast */ = {
			isa = XCSwiftPackageProductDependency;
			package = E873DDFB25883CEF00207F99 /* XCRemoteSwiftPackageReference "Toast-Swift" */;
			productName = Toast;
		};
		E8FBB74D257DC0DF007DB097 /* Connectivity */ = {
			isa = XCSwiftPackageProductDependency;
			package = E8FBB74C257DC0DE007DB097 /* XCRemoteSwiftPackageReference "connectivity" */;
			productName = Connectivity;
		};
/* End XCSwiftPackageProductDependency section */
	};
	rootObject = A89100E223BD339C00D6EA2D /* Project object */;
}
